// !$*UTF8*$!
{
	archiveVersion = 1;
	classes = {
	};
	objectVersion = 56;
	objects = {

/* Begin PBXBuildFile section */
		F40413502A930A0000871FEE /* AppDelegate.swift in Sources */ = {isa = PBXBuildFile; fileRef = F404134F2A930A0000871FEE /* AppDelegate.swift */; };
		F40413522A930A0000871FEE /* SceneDelegate.swift in Sources */ = {isa = PBXBuildFile; fileRef = F40413512A930A0000871FEE /* SceneDelegate.swift */; };
		F40413542A930A0000871FEE /* ViewController.swift in Sources */ = {isa = PBXBuildFile; fileRef = F40413532A930A0000871FEE /* ViewController.swift */; };
		F40413592A930A0100871FEE /* Assets.xcassets in Resources */ = {isa = PBXBuildFile; fileRef = F40413582A930A0100871FEE /* Assets.xcassets */; };
		F404135C2A930A0100871FEE /* LaunchScreen.storyboard in Resources */ = {isa = PBXBuildFile; fileRef = F404135A2A930A0100871FEE /* LaunchScreen.storyboard */; };
		F49442DF2A94461C009AABA7 /* SnapKit in Frameworks */ = {isa = PBXBuildFile; productRef = F49442DE2A94461C009AABA7 /* SnapKit */; };
		F49442E22A944678009AABA7 /* SnapViewController.swift in Sources */ = {isa = PBXBuildFile; fileRef = F49442E12A944678009AABA7 /* SnapViewController.swift */; };
		F49442E42A945CBA009AABA7 /* TextViewController.swift in Sources */ = {isa = PBXBuildFile; fileRef = F49442E32A945CBA009AABA7 /* TextViewController.swift */; };
		F49442E62A947927009AABA7 /* LocationViewController.swift in Sources */ = {isa = PBXBuildFile; fileRef = F49442E52A947927009AABA7 /* LocationViewController.swift */; };
		F49442E92A94ED41009AABA7 /* FirstExampleViewController.swift in Sources */ = {isa = PBXBuildFile; fileRef = F49442E82A94ED41009AABA7 /* FirstExampleViewController.swift */; };
		F49442EB2A94ED49009AABA7 /* SecondExampleViewController.swift in Sources */ = {isa = PBXBuildFile; fileRef = F49442EA2A94ED49009AABA7 /* SecondExampleViewController.swift */; };
		F494C6CF2A96F0E5001E11F1 /* GenericViewController.swift in Sources */ = {isa = PBXBuildFile; fileRef = F494C6CE2A96F0E5001E11F1 /* GenericViewController.swift */; };
		F494C6D12A96F11D001E11F1 /* Extension+UIViewController.swift in Sources */ = {isa = PBXBuildFile; fileRef = F494C6D02A96F11D001E11F1 /* Extension+UIViewController.swift */; };
		F494C6D42A971CE0001E11F1 /* CustomViewController.swift in Sources */ = {isa = PBXBuildFile; fileRef = F494C6D32A971CE0001E11F1 /* CustomViewController.swift */; };
		F494C6D62A971E92001E11F1 /* BlackRadiusTextField.swift in Sources */ = {isa = PBXBuildFile; fileRef = F494C6D52A971E92001E11F1 /* BlackRadiusTextField.swift */; };
		F494C6DA2A972A11001E11F1 /* CustomTableViewController.swift in Sources */ = {isa = PBXBuildFile; fileRef = F494C6D92A972A11001E11F1 /* CustomTableViewController.swift */; };
		F494C6DF2A97915D001E11F1 /* JacflixJoinViewController.swift in Sources */ = {isa = PBXBuildFile; fileRef = F494C6DE2A97915D001E11F1 /* JacflixJoinViewController.swift */; };
		F494C6E12A979E19001E11F1 /* JoinTextField.swift in Sources */ = {isa = PBXBuildFile; fileRef = F494C6E02A979E19001E11F1 /* JoinTextField.swift */; };
		F49A84712AB12F9200B89579 /* ViewModel.swift in Sources */ = {isa = PBXBuildFile; fileRef = F49A84702AB12F9200B89579 /* ViewModel.swift */; };
		F49A84732AB1300F00B89579 /* Observable.swift in Sources */ = {isa = PBXBuildFile; fileRef = F49A84722AB1300F00B89579 /* Observable.swift */; };
		F4B1B52E2A964F0C00E632AE /* FindCinemaViewController.swift in Sources */ = {isa = PBXBuildFile; fileRef = F4B1B52D2A964F0C00E632AE /* FindCinemaViewController.swift */; };
		F4B1B5302A96501300E632AE /* sampleCode_map.swift in Sources */ = {isa = PBXBuildFile; fileRef = F4B1B52F2A96501300E632AE /* sampleCode_map.swift */; };
		F4E10AC32A982AEA001B46BE /* CustomTableViewCell.swift in Sources */ = {isa = PBXBuildFile; fileRef = F4E10AC22A982AEA001B46BE /* CustomTableViewCell.swift */; };
		F4E10AC52A9840A8001B46BE /* PosterImageView.swift in Sources */ = {isa = PBXBuildFile; fileRef = F4E10AC42A9840A8001B46BE /* PosterImageView.swift */; };
		F4E10AC82A984B54001B46BE /* OnboardingViewController.swift in Sources */ = {isa = PBXBuildFile; fileRef = F4E10AC72A984B54001B46BE /* OnboardingViewController.swift */; };
/* End PBXBuildFile section */

/* Begin PBXFileReference section */
		F404134C2A930A0000871FEE /* SeSAC_Week6.app */ = {isa = PBXFileReference; explicitFileType = wrapper.application; includeInIndex = 0; path = SeSAC_Week6.app; sourceTree = BUILT_PRODUCTS_DIR; };
		F404134F2A930A0000871FEE /* AppDelegate.swift */ = {isa = PBXFileReference; lastKnownFileType = sourcecode.swift; path = AppDelegate.swift; sourceTree = "<group>"; };
		F40413512A930A0000871FEE /* SceneDelegate.swift */ = {isa = PBXFileReference; lastKnownFileType = sourcecode.swift; path = SceneDelegate.swift; sourceTree = "<group>"; };
		F40413532A930A0000871FEE /* ViewController.swift */ = {isa = PBXFileReference; lastKnownFileType = sourcecode.swift; path = ViewController.swift; sourceTree = "<group>"; };
		F40413582A930A0100871FEE /* Assets.xcassets */ = {isa = PBXFileReference; lastKnownFileType = folder.assetcatalog; path = Assets.xcassets; sourceTree = "<group>"; };
		F404135B2A930A0100871FEE /* Base */ = {isa = PBXFileReference; lastKnownFileType = file.storyboard; name = Base; path = Base.lproj/LaunchScreen.storyboard; sourceTree = "<group>"; };
		F404135D2A930A0100871FEE /* Info.plist */ = {isa = PBXFileReference; lastKnownFileType = text.plist.xml; path = Info.plist; sourceTree = "<group>"; };
		F49442E12A944678009AABA7 /* SnapViewController.swift */ = {isa = PBXFileReference; lastKnownFileType = sourcecode.swift; path = SnapViewController.swift; sourceTree = "<group>"; };
		F49442E32A945CBA009AABA7 /* TextViewController.swift */ = {isa = PBXFileReference; lastKnownFileType = sourcecode.swift; path = TextViewController.swift; sourceTree = "<group>"; };
		F49442E52A947927009AABA7 /* LocationViewController.swift */ = {isa = PBXFileReference; lastKnownFileType = sourcecode.swift; path = LocationViewController.swift; sourceTree = "<group>"; };
		F49442E82A94ED41009AABA7 /* FirstExampleViewController.swift */ = {isa = PBXFileReference; lastKnownFileType = sourcecode.swift; path = FirstExampleViewController.swift; sourceTree = "<group>"; };
		F49442EA2A94ED49009AABA7 /* SecondExampleViewController.swift */ = {isa = PBXFileReference; lastKnownFileType = sourcecode.swift; path = SecondExampleViewController.swift; sourceTree = "<group>"; };
		F494C6CE2A96F0E5001E11F1 /* GenericViewController.swift */ = {isa = PBXFileReference; lastKnownFileType = sourcecode.swift; path = GenericViewController.swift; sourceTree = "<group>"; };
		F494C6D02A96F11D001E11F1 /* Extension+UIViewController.swift */ = {isa = PBXFileReference; lastKnownFileType = sourcecode.swift; path = "Extension+UIViewController.swift"; sourceTree = "<group>"; };
		F494C6D32A971CE0001E11F1 /* CustomViewController.swift */ = {isa = PBXFileReference; lastKnownFileType = sourcecode.swift; path = CustomViewController.swift; sourceTree = "<group>"; };
		F494C6D52A971E92001E11F1 /* BlackRadiusTextField.swift */ = {isa = PBXFileReference; lastKnownFileType = sourcecode.swift; path = BlackRadiusTextField.swift; sourceTree = "<group>"; };
		F494C6D92A972A11001E11F1 /* CustomTableViewController.swift */ = {isa = PBXFileReference; lastKnownFileType = sourcecode.swift; path = CustomTableViewController.swift; sourceTree = "<group>"; };
		F494C6DE2A97915D001E11F1 /* JacflixJoinViewController.swift */ = {isa = PBXFileReference; lastKnownFileType = sourcecode.swift; path = JacflixJoinViewController.swift; sourceTree = "<group>"; };
		F494C6E02A979E19001E11F1 /* JoinTextField.swift */ = {isa = PBXFileReference; lastKnownFileType = sourcecode.swift; path = JoinTextField.swift; sourceTree = "<group>"; };
		F49A84702AB12F9200B89579 /* ViewModel.swift */ = {isa = PBXFileReference; lastKnownFileType = sourcecode.swift; path = ViewModel.swift; sourceTree = "<group>"; };
		F49A84722AB1300F00B89579 /* Observable.swift */ = {isa = PBXFileReference; lastKnownFileType = sourcecode.swift; path = Observable.swift; sourceTree = "<group>"; };
		F4B1B52D2A964F0C00E632AE /* FindCinemaViewController.swift */ = {isa = PBXFileReference; lastKnownFileType = sourcecode.swift; path = FindCinemaViewController.swift; sourceTree = "<group>"; };
		F4B1B52F2A96501300E632AE /* sampleCode_map.swift */ = {isa = PBXFileReference; fileEncoding = 4; lastKnownFileType = sourcecode.swift; path = sampleCode_map.swift; sourceTree = "<group>"; };
		F4E10AC22A982AEA001B46BE /* CustomTableViewCell.swift */ = {isa = PBXFileReference; lastKnownFileType = sourcecode.swift; path = CustomTableViewCell.swift; sourceTree = "<group>"; };
		F4E10AC42A9840A8001B46BE /* PosterImageView.swift */ = {isa = PBXFileReference; lastKnownFileType = sourcecode.swift; path = PosterImageView.swift; sourceTree = "<group>"; };
		F4E10AC72A984B54001B46BE /* OnboardingViewController.swift */ = {isa = PBXFileReference; lastKnownFileType = sourcecode.swift; path = OnboardingViewController.swift; sourceTree = "<group>"; };
/* End PBXFileReference section */

/* Begin PBXFrameworksBuildPhase section */
		F40413492A930A0000871FEE /* Frameworks */ = {
			isa = PBXFrameworksBuildPhase;
			buildActionMask = 2147483647;
			files = (
				F49442DF2A94461C009AABA7 /* SnapKit in Frameworks */,
			);
			runOnlyForDeploymentPostprocessing = 0;
		};
/* End PBXFrameworksBuildPhase section */

/* Begin PBXGroup section */
		F40413432A930A0000871FEE = {
			isa = PBXGroup;
			children = (
				F404134E2A930A0000871FEE /* SeSAC_Week6 */,
				F404134D2A930A0000871FEE /* Products */,
			);
			sourceTree = "<group>";
		};
		F404134D2A930A0000871FEE /* Products */ = {
			isa = PBXGroup;
			children = (
				F404134C2A930A0000871FEE /* SeSAC_Week6.app */,
			);
			name = Products;
			sourceTree = "<group>";
		};
		F404134E2A930A0000871FEE /* SeSAC_Week6 */ = {
			isa = PBXGroup;
			children = (
				F4E10AC62A984B10001B46BE /* Onboarding */,
				F494C6D22A971CAE001E11F1 /* CustomView */,
				F494C6CD2A96F0D1001E11F1 /* Generic */,
				F494C6CC2A96DCCF001E11F1 /* 0823 */,
				F49442E72A94ECCE009AABA7 /* Assignment */,
				F49442E02A944645009AABA7 /* Test */,
				F4B1B52F2A96501300E632AE /* sampleCode_map.swift */,
				F404134F2A930A0000871FEE /* AppDelegate.swift */,
				F40413512A930A0000871FEE /* SceneDelegate.swift */,
				F40413532A930A0000871FEE /* ViewController.swift */,
				F40413582A930A0100871FEE /* Assets.xcassets */,
				F404135A2A930A0100871FEE /* LaunchScreen.storyboard */,
				F404135D2A930A0100871FEE /* Info.plist */,
			);
			path = SeSAC_Week6;
			sourceTree = "<group>";
		};
		F49442E02A944645009AABA7 /* Test */ = {
			isa = PBXGroup;
			children = (
				F49442E12A944678009AABA7 /* SnapViewController.swift */,
				F49442E32A945CBA009AABA7 /* TextViewController.swift */,
			);
			path = Test;
			sourceTree = "<group>";
		};
		F49442E72A94ECCE009AABA7 /* Assignment */ = {
			isa = PBXGroup;
			children = (
				F494C6DB2A979124001E11F1 /* 0824 */,
				F4B1B52C2A964EC400E632AE /* 0823 */,
				F4B1B52B2A964EB500E632AE /* 0822 */,
			);
			path = Assignment;
			sourceTree = "<group>";
		};
		F494C6CC2A96DCCF001E11F1 /* 0823 */ = {
			isa = PBXGroup;
			children = (
				F49442E52A947927009AABA7 /* LocationViewController.swift */,
			);
			path = 0823;
			sourceTree = "<group>";
		};
		F494C6CD2A96F0D1001E11F1 /* Generic */ = {
			isa = PBXGroup;
			children = (
				F494C6CE2A96F0E5001E11F1 /* GenericViewController.swift */,
				F494C6D02A96F11D001E11F1 /* Extension+UIViewController.swift */,
			);
			path = Generic;
			sourceTree = "<group>";
		};
		F494C6D22A971CAE001E11F1 /* CustomView */ = {
			isa = PBXGroup;
			children = (
				F494C6D32A971CE0001E11F1 /* CustomViewController.swift */,
				F494C6D52A971E92001E11F1 /* BlackRadiusTextField.swift */,
				F494C6D92A972A11001E11F1 /* CustomTableViewController.swift */,
				F4E10AC22A982AEA001B46BE /* CustomTableViewCell.swift */,
				F4E10AC42A9840A8001B46BE /* PosterImageView.swift */,
			);
			path = CustomView;
			sourceTree = "<group>";
		};
		F494C6DB2A979124001E11F1 /* 0824 */ = {
			isa = PBXGroup;
			children = (
				F494C6DE2A97915D001E11F1 /* JacflixJoinViewController.swift */,
				F494C6E02A979E19001E11F1 /* JoinTextField.swift */,
				F49A84702AB12F9200B89579 /* ViewModel.swift */,
				F49A84722AB1300F00B89579 /* Observable.swift */,
			);
			path = 0824;
			sourceTree = "<group>";
		};
		F4B1B52B2A964EB500E632AE /* 0822 */ = {
			isa = PBXGroup;
			children = (
				F49442E82A94ED41009AABA7 /* FirstExampleViewController.swift */,
				F49442EA2A94ED49009AABA7 /* SecondExampleViewController.swift */,
			);
			path = 0822;
			sourceTree = "<group>";
		};
		F4B1B52C2A964EC400E632AE /* 0823 */ = {
			isa = PBXGroup;
			children = (
				F4B1B52D2A964F0C00E632AE /* FindCinemaViewController.swift */,
			);
			path = 0823;
			sourceTree = "<group>";
		};
		F4E10AC62A984B10001B46BE /* Onboarding */ = {
			isa = PBXGroup;
			children = (
				F4E10AC72A984B54001B46BE /* OnboardingViewController.swift */,
			);
			path = Onboarding;
			sourceTree = "<group>";
		};
/* End PBXGroup section */

/* Begin PBXNativeTarget section */
		F404134B2A930A0000871FEE /* SeSAC_Week6 */ = {
			isa = PBXNativeTarget;
			buildConfigurationList = F40413602A930A0100871FEE /* Build configuration list for PBXNativeTarget "SeSAC_Week6" */;
			buildPhases = (
				F40413482A930A0000871FEE /* Sources */,
				F40413492A930A0000871FEE /* Frameworks */,
				F404134A2A930A0000871FEE /* Resources */,
			);
			buildRules = (
			);
			dependencies = (
			);
			name = SeSAC_Week6;
			packageProductDependencies = (
				F49442DE2A94461C009AABA7 /* SnapKit */,
			);
			productName = SeSAC_Week6;
			productReference = F404134C2A930A0000871FEE /* SeSAC_Week6.app */;
			productType = "com.apple.product-type.application";
		};
/* End PBXNativeTarget section */

/* Begin PBXProject section */
		F40413442A930A0000871FEE /* Project object */ = {
			isa = PBXProject;
			attributes = {
				BuildIndependentTargetsInParallel = 1;
				LastSwiftUpdateCheck = 1430;
				LastUpgradeCheck = 1430;
				TargetAttributes = {
					F404134B2A930A0000871FEE = {
						CreatedOnToolsVersion = 14.3.1;
					};
				};
			};
			buildConfigurationList = F40413472A930A0000871FEE /* Build configuration list for PBXProject "SeSAC_Week6" */;
			compatibilityVersion = "Xcode 14.0";
			developmentRegion = en;
			hasScannedForEncodings = 0;
			knownRegions = (
				en,
				Base,
			);
			mainGroup = F40413432A930A0000871FEE;
			packageReferences = (
				F49442DD2A94461C009AABA7 /* XCRemoteSwiftPackageReference "SnapKit" */,
			);
			productRefGroup = F404134D2A930A0000871FEE /* Products */;
			projectDirPath = "";
			projectRoot = "";
			targets = (
				F404134B2A930A0000871FEE /* SeSAC_Week6 */,
			);
		};
/* End PBXProject section */

/* Begin PBXResourcesBuildPhase section */
		F404134A2A930A0000871FEE /* Resources */ = {
			isa = PBXResourcesBuildPhase;
			buildActionMask = 2147483647;
			files = (
				F404135C2A930A0100871FEE /* LaunchScreen.storyboard in Resources */,
				F40413592A930A0100871FEE /* Assets.xcassets in Resources */,
			);
			runOnlyForDeploymentPostprocessing = 0;
		};
/* End PBXResourcesBuildPhase section */

/* Begin PBXSourcesBuildPhase section */
		F40413482A930A0000871FEE /* Sources */ = {
			isa = PBXSourcesBuildPhase;
			buildActionMask = 2147483647;
			files = (
				F49A84732AB1300F00B89579 /* Observable.swift in Sources */,
				F49442E92A94ED41009AABA7 /* FirstExampleViewController.swift in Sources */,
				F49442EB2A94ED49009AABA7 /* SecondExampleViewController.swift in Sources */,
				F4B1B52E2A964F0C00E632AE /* FindCinemaViewController.swift in Sources */,
				F49442E42A945CBA009AABA7 /* TextViewController.swift in Sources */,
				F4E10AC82A984B54001B46BE /* OnboardingViewController.swift in Sources */,
				F494C6DA2A972A11001E11F1 /* CustomTableViewController.swift in Sources */,
				F4E10AC32A982AEA001B46BE /* CustomTableViewCell.swift in Sources */,
				F49442E22A944678009AABA7 /* SnapViewController.swift in Sources */,
				F40413542A930A0000871FEE /* ViewController.swift in Sources */,
				F494C6D42A971CE0001E11F1 /* CustomViewController.swift in Sources */,
				F494C6D62A971E92001E11F1 /* BlackRadiusTextField.swift in Sources */,
				F494C6CF2A96F0E5001E11F1 /* GenericViewController.swift in Sources */,
				F49442E62A947927009AABA7 /* LocationViewController.swift in Sources */,
				F49A84712AB12F9200B89579 /* ViewModel.swift in Sources */,
				F494C6D12A96F11D001E11F1 /* Extension+UIViewController.swift in Sources */,
				F4B1B5302A96501300E632AE /* sampleCode_map.swift in Sources */,
				F40413502A930A0000871FEE /* AppDelegate.swift in Sources */,
				F494C6E12A979E19001E11F1 /* JoinTextField.swift in Sources */,
				F40413522A930A0000871FEE /* SceneDelegate.swift in Sources */,
				F494C6DF2A97915D001E11F1 /* JacflixJoinViewController.swift in Sources */,
				F4E10AC52A9840A8001B46BE /* PosterImageView.swift in Sources */,
			);
			runOnlyForDeploymentPostprocessing = 0;
		};
/* End PBXSourcesBuildPhase section */

/* Begin PBXVariantGroup section */
		F404135A2A930A0100871FEE /* LaunchScreen.storyboard */ = {
			isa = PBXVariantGroup;
			children = (
				F404135B2A930A0100871FEE /* Base */,
			);
			name = LaunchScreen.storyboard;
			sourceTree = "<group>";
		};
/* End PBXVariantGroup section */

/* Begin XCBuildConfiguration section */
		F404135E2A930A0100871FEE /* Debug */ = {
			isa = XCBuildConfiguration;
			buildSettings = {
				ALWAYS_SEARCH_USER_PATHS = NO;
				CLANG_ANALYZER_NONNULL = YES;
				CLANG_ANALYZER_NUMBER_OBJECT_CONVERSION = YES_AGGRESSIVE;
				CLANG_CXX_LANGUAGE_STANDARD = "gnu++20";
				CLANG_ENABLE_MODULES = YES;
				CLANG_ENABLE_OBJC_ARC = YES;
				CLANG_ENABLE_OBJC_WEAK = YES;
				CLANG_WARN_BLOCK_CAPTURE_AUTORELEASING = YES;
				CLANG_WARN_BOOL_CONVERSION = YES;
				CLANG_WARN_COMMA = YES;
				CLANG_WARN_CONSTANT_CONVERSION = YES;
				CLANG_WARN_DEPRECATED_OBJC_IMPLEMENTATIONS = YES;
				CLANG_WARN_DIRECT_OBJC_ISA_USAGE = YES_ERROR;
				CLANG_WARN_DOCUMENTATION_COMMENTS = YES;
				CLANG_WARN_EMPTY_BODY = YES;
				CLANG_WARN_ENUM_CONVERSION = YES;
				CLANG_WARN_INFINITE_RECURSION = YES;
				CLANG_WARN_INT_CONVERSION = YES;
				CLANG_WARN_NON_LITERAL_NULL_CONVERSION = YES;
				CLANG_WARN_OBJC_IMPLICIT_RETAIN_SELF = YES;
				CLANG_WARN_OBJC_LITERAL_CONVERSION = YES;
				CLANG_WARN_OBJC_ROOT_CLASS = YES_ERROR;
				CLANG_WARN_QUOTED_INCLUDE_IN_FRAMEWORK_HEADER = YES;
				CLANG_WARN_RANGE_LOOP_ANALYSIS = YES;
				CLANG_WARN_STRICT_PROTOTYPES = YES;
				CLANG_WARN_SUSPICIOUS_MOVE = YES;
				CLANG_WARN_UNGUARDED_AVAILABILITY = YES_AGGRESSIVE;
				CLANG_WARN_UNREACHABLE_CODE = YES;
				CLANG_WARN__DUPLICATE_METHOD_MATCH = YES;
				COPY_PHASE_STRIP = NO;
				DEBUG_INFORMATION_FORMAT = dwarf;
				ENABLE_STRICT_OBJC_MSGSEND = YES;
				ENABLE_TESTABILITY = YES;
				GCC_C_LANGUAGE_STANDARD = gnu11;
				GCC_DYNAMIC_NO_PIC = NO;
				GCC_NO_COMMON_BLOCKS = YES;
				GCC_OPTIMIZATION_LEVEL = 0;
				GCC_PREPROCESSOR_DEFINITIONS = (
					"DEBUG=1",
					"$(inherited)",
				);
				GCC_WARN_64_TO_32_BIT_CONVERSION = YES;
				GCC_WARN_ABOUT_RETURN_TYPE = YES_ERROR;
				GCC_WARN_UNDECLARED_SELECTOR = YES;
				GCC_WARN_UNINITIALIZED_AUTOS = YES_AGGRESSIVE;
				GCC_WARN_UNUSED_FUNCTION = YES;
				GCC_WARN_UNUSED_VARIABLE = YES;
				IPHONEOS_DEPLOYMENT_TARGET = 16.4;
				MTL_ENABLE_DEBUG_INFO = INCLUDE_SOURCE;
				MTL_FAST_MATH = YES;
				ONLY_ACTIVE_ARCH = YES;
				SDKROOT = iphoneos;
				SWIFT_ACTIVE_COMPILATION_CONDITIONS = DEBUG;
				SWIFT_OPTIMIZATION_LEVEL = "-Onone";
			};
			name = Debug;
		};
		F404135F2A930A0100871FEE /* Release */ = {
			isa = XCBuildConfiguration;
			buildSettings = {
				ALWAYS_SEARCH_USER_PATHS = NO;
				CLANG_ANALYZER_NONNULL = YES;
				CLANG_ANALYZER_NUMBER_OBJECT_CONVERSION = YES_AGGRESSIVE;
				CLANG_CXX_LANGUAGE_STANDARD = "gnu++20";
				CLANG_ENABLE_MODULES = YES;
				CLANG_ENABLE_OBJC_ARC = YES;
				CLANG_ENABLE_OBJC_WEAK = YES;
				CLANG_WARN_BLOCK_CAPTURE_AUTORELEASING = YES;
				CLANG_WARN_BOOL_CONVERSION = YES;
				CLANG_WARN_COMMA = YES;
				CLANG_WARN_CONSTANT_CONVERSION = YES;
				CLANG_WARN_DEPRECATED_OBJC_IMPLEMENTATIONS = YES;
				CLANG_WARN_DIRECT_OBJC_ISA_USAGE = YES_ERROR;
				CLANG_WARN_DOCUMENTATION_COMMENTS = YES;
				CLANG_WARN_EMPTY_BODY = YES;
				CLANG_WARN_ENUM_CONVERSION = YES;
				CLANG_WARN_INFINITE_RECURSION = YES;
				CLANG_WARN_INT_CONVERSION = YES;
				CLANG_WARN_NON_LITERAL_NULL_CONVERSION = YES;
				CLANG_WARN_OBJC_IMPLICIT_RETAIN_SELF = YES;
				CLANG_WARN_OBJC_LITERAL_CONVERSION = YES;
				CLANG_WARN_OBJC_ROOT_CLASS = YES_ERROR;
				CLANG_WARN_QUOTED_INCLUDE_IN_FRAMEWORK_HEADER = YES;
				CLANG_WARN_RANGE_LOOP_ANALYSIS = YES;
				CLANG_WARN_STRICT_PROTOTYPES = YES;
				CLANG_WARN_SUSPICIOUS_MOVE = YES;
				CLANG_WARN_UNGUARDED_AVAILABILITY = YES_AGGRESSIVE;
				CLANG_WARN_UNREACHABLE_CODE = YES;
				CLANG_WARN__DUPLICATE_METHOD_MATCH = YES;
				COPY_PHASE_STRIP = NO;
				DEBUG_INFORMATION_FORMAT = "dwarf-with-dsym";
				ENABLE_NS_ASSERTIONS = NO;
				ENABLE_STRICT_OBJC_MSGSEND = YES;
				GCC_C_LANGUAGE_STANDARD = gnu11;
				GCC_NO_COMMON_BLOCKS = YES;
				GCC_WARN_64_TO_32_BIT_CONVERSION = YES;
				GCC_WARN_ABOUT_RETURN_TYPE = YES_ERROR;
				GCC_WARN_UNDECLARED_SELECTOR = YES;
				GCC_WARN_UNINITIALIZED_AUTOS = YES_AGGRESSIVE;
				GCC_WARN_UNUSED_FUNCTION = YES;
				GCC_WARN_UNUSED_VARIABLE = YES;
				IPHONEOS_DEPLOYMENT_TARGET = 16.4;
				MTL_ENABLE_DEBUG_INFO = NO;
				MTL_FAST_MATH = YES;
				SDKROOT = iphoneos;
				SWIFT_COMPILATION_MODE = wholemodule;
				SWIFT_OPTIMIZATION_LEVEL = "-O";
				VALIDATE_PRODUCT = YES;
			};
			name = Release;
		};
		F40413612A930A0100871FEE /* Debug */ = {
			isa = XCBuildConfiguration;
			buildSettings = {
				ASSETCATALOG_COMPILER_APPICON_NAME = AppIcon;
				ASSETCATALOG_COMPILER_GLOBAL_ACCENT_COLOR_NAME = AccentColor;
				CODE_SIGN_STYLE = Automatic;
				CURRENT_PROJECT_VERSION = 1;
				DEVELOPMENT_TEAM = N54L2GS5Z3;
				GENERATE_INFOPLIST_FILE = YES;
				INFOPLIST_FILE = SeSAC_Week6/Info.plist;
				INFOPLIST_KEY_NSLocationWhenInUseUsageDescription = "현재 날씨에 대한 정보를 가져 오기 위해 위치 정보를 허용해주세요";
				INFOPLIST_KEY_UIApplicationSupportsIndirectInputEvents = YES;
				INFOPLIST_KEY_UILaunchStoryboardName = LaunchScreen;
				INFOPLIST_KEY_UISupportedInterfaceOrientations_iPad = "UIInterfaceOrientationPortrait UIInterfaceOrientationPortraitUpsideDown UIInterfaceOrientationLandscapeLeft UIInterfaceOrientationLandscapeRight";
				INFOPLIST_KEY_UISupportedInterfaceOrientations_iPhone = "UIInterfaceOrientationPortrait UIInterfaceOrientationLandscapeLeft UIInterfaceOrientationLandscapeRight";
				IPHONEOS_DEPLOYMENT_TARGET = 16.0;
				LD_RUNPATH_SEARCH_PATHS = (
					"$(inherited)",
					"@executable_path/Frameworks",
				);
				MARKETING_VERSION = 1.0;
				PRODUCT_BUNDLE_IDENTIFIER = "eunseo.SeSAC-Week6";
				PRODUCT_NAME = "$(TARGET_NAME)";
				SUPPORTED_PLATFORMS = "iphoneos iphonesimulator";
				SUPPORTS_MACCATALYST = NO;
				SUPPORTS_MAC_DESIGNED_FOR_IPHONE_IPAD = NO;
				SWIFT_EMIT_LOC_STRINGS = YES;
				SWIFT_VERSION = 5.0;
				TARGETED_DEVICE_FAMILY = 1;
			};
			name = Debug;
		};
		F40413622A930A0100871FEE /* Release */ = {
			isa = XCBuildConfiguration;
			buildSettings = {
				ASSETCATALOG_COMPILER_APPICON_NAME = AppIcon;
				ASSETCATALOG_COMPILER_GLOBAL_ACCENT_COLOR_NAME = AccentColor;
				CODE_SIGN_STYLE = Automatic;
				CURRENT_PROJECT_VERSION = 1;
				DEVELOPMENT_TEAM = N54L2GS5Z3;
				GENERATE_INFOPLIST_FILE = YES;
				INFOPLIST_FILE = SeSAC_Week6/Info.plist;
				INFOPLIST_KEY_NSLocationWhenInUseUsageDescription = "현재 날씨에 대한 정보를 가져 오기 위해 위치 정보를 허용해주세요";
				INFOPLIST_KEY_UIApplicationSupportsIndirectInputEvents = YES;
				INFOPLIST_KEY_UILaunchStoryboardName = LaunchScreen;
				INFOPLIST_KEY_UISupportedInterfaceOrientations_iPad = "UIInterfaceOrientationPortrait UIInterfaceOrientationPortraitUpsideDown UIInterfaceOrientationLandscapeLeft UIInterfaceOrientationLandscapeRight";
				INFOPLIST_KEY_UISupportedInterfaceOrientations_iPhone = "UIInterfaceOrientationPortrait UIInterfaceOrientationLandscapeLeft UIInterfaceOrientationLandscapeRight";
				IPHONEOS_DEPLOYMENT_TARGET = 16.0;
				LD_RUNPATH_SEARCH_PATHS = (
					"$(inherited)",
					"@executable_path/Frameworks",
				);
				MARKETING_VERSION = 1.0;
				PRODUCT_BUNDLE_IDENTIFIER = "eunseo.SeSAC-Week6";
				PRODUCT_NAME = "$(TARGET_NAME)";
				SUPPORTED_PLATFORMS = "iphoneos iphonesimulator";
				SUPPORTS_MACCATALYST = NO;
				SUPPORTS_MAC_DESIGNED_FOR_IPHONE_IPAD = NO;
				SWIFT_EMIT_LOC_STRINGS = YES;
				SWIFT_VERSION = 5.0;
				TARGETED_DEVICE_FAMILY = 1;
			};
			name = Release;
		};
/* End XCBuildConfiguration section */

/* Begin XCConfigurationList section */
		F40413472A930A0000871FEE /* Build configuration list for PBXProject "SeSAC_Week6" */ = {
			isa = XCConfigurationList;
			buildConfigurations = (
				F404135E2A930A0100871FEE /* Debug */,
				F404135F2A930A0100871FEE /* Release */,
			);
			defaultConfigurationIsVisible = 0;
			defaultConfigurationName = Release;
		};
		F40413602A930A0100871FEE /* Build configuration list for PBXNativeTarget "SeSAC_Week6" */ = {
			isa = XCConfigurationList;
			buildConfigurations = (
				F40413612A930A0100871FEE /* Debug */,
				F40413622A930A0100871FEE /* Release */,
			);
			defaultConfigurationIsVisible = 0;
			defaultConfigurationName = Release;
		};
/* End XCConfigurationList section */

/* Begin XCRemoteSwiftPackageReference section */
		F49442DD2A94461C009AABA7 /* XCRemoteSwiftPackageReference "SnapKit" */ = {
			isa = XCRemoteSwiftPackageReference;
			repositoryURL = "https://github.com/SnapKit/SnapKit.git";
			requirement = {
				kind = upToNextMajorVersion;
				minimumVersion = 5.0.0;
			};
		};
/* End XCRemoteSwiftPackageReference section */

/* Begin XCSwiftPackageProductDependency section */
		F49442DE2A94461C009AABA7 /* SnapKit */ = {
			isa = XCSwiftPackageProductDependency;
			package = F49442DD2A94461C009AABA7 /* XCRemoteSwiftPackageReference "SnapKit" */;
			productName = SnapKit;
		};
/* End XCSwiftPackageProductDependency section */
	};
	rootObject = F40413442A930A0000871FEE /* Project object */;
}
